// !$*UTF8*$!
{
	archiveVersion = 1;
	classes = {
	};
	objectVersion = 50;
	objects = {

/* Begin PBXBuildFile section */
		8A6F424E23B1B3920028E9BC /* AppConstants.swift in Sources */ = {isa = PBXBuildFile; fileRef = 8A6F424D23B1B3920028E9BC /* AppConstants.swift */; };
		8A6F425023B1B4380028E9BC /* LocationInfo.swift in Sources */ = {isa = PBXBuildFile; fileRef = 8A6F424F23B1B4380028E9BC /* LocationInfo.swift */; };
		8A6F425223B1B4A40028E9BC /* LocationSearchService.swift in Sources */ = {isa = PBXBuildFile; fileRef = 8A6F425123B1B4A40028E9BC /* LocationSearchService.swift */; };
		8A6F425423B1E04D0028E9BC /* LocationDetailService.swift in Sources */ = {isa = PBXBuildFile; fileRef = 8A6F425323B1E04D0028E9BC /* LocationDetailService.swift */; };
		8A6F425623B1E6190028E9BC /* LocationCurrentWeatherInfo.swift in Sources */ = {isa = PBXBuildFile; fileRef = 8A6F425523B1E6190028E9BC /* LocationCurrentWeatherInfo.swift */; };
		8A6F425923B206890028E9BC /* UIImageView+DownloadImage.swift in Sources */ = {isa = PBXBuildFile; fileRef = 8A6F425823B206890028E9BC /* UIImageView+DownloadImage.swift */; };
		8A6F425C23B2168C0028E9BC /* CustomDB.swift in Sources */ = {isa = PBXBuildFile; fileRef = 8A6F425B23B2168C0028E9BC /* CustomDB.swift */; };
		8A6F425F23B2707F0028E9BC /* LocationInfoTests.swift in Sources */ = {isa = PBXBuildFile; fileRef = 8A6F425E23B2707F0028E9BC /* LocationInfoTests.swift */; };
		8A6F426223B27ADD0028E9BC /* WeatherHomeViewControllerTests.swift in Sources */ = {isa = PBXBuildFile; fileRef = 8A6F426123B27ADD0028E9BC /* WeatherHomeViewControllerTests.swift */; };
		8A6F426423B452350028E9BC /* LocationCurrentWeatherInfoTests.swift in Sources */ = {isa = PBXBuildFile; fileRef = 8A6F426323B452350028E9BC /* LocationCurrentWeatherInfoTests.swift */; };
		8A6F426723B453640028E9BC /* WeatherDetailViewControllerTests.swift in Sources */ = {isa = PBXBuildFile; fileRef = 8A6F426623B453640028E9BC /* WeatherDetailViewControllerTests.swift */; };
		8A71077823AB51E200A44BB6 /* AppDelegate.swift in Sources */ = {isa = PBXBuildFile; fileRef = 8A71077723AB51E200A44BB6 /* AppDelegate.swift */; };
		8A71077A23AB51E200A44BB6 /* SceneDelegate.swift in Sources */ = {isa = PBXBuildFile; fileRef = 8A71077923AB51E200A44BB6 /* SceneDelegate.swift */; };
		8A71077F23AB51E200A44BB6 /* Main.storyboard in Resources */ = {isa = PBXBuildFile; fileRef = 8A71077D23AB51E200A44BB6 /* Main.storyboard */; };
		8A71078123AB51E900A44BB6 /* Assets.xcassets in Resources */ = {isa = PBXBuildFile; fileRef = 8A71078023AB51E900A44BB6 /* Assets.xcassets */; };
		8A71078423AB51E900A44BB6 /* LaunchScreen.storyboard in Resources */ = {isa = PBXBuildFile; fileRef = 8A71078223AB51E900A44BB6 /* LaunchScreen.storyboard */; };
		8A71078F23AB51E900A44BB6 /* Weather_AppTests.swift in Sources */ = {isa = PBXBuildFile; fileRef = 8A71078E23AB51E900A44BB6 /* Weather_AppTests.swift */; };
		8A71079A23AB51E900A44BB6 /* Weather_AppUITests.swift in Sources */ = {isa = PBXBuildFile; fileRef = 8A71079923AB51E900A44BB6 /* Weather_AppUITests.swift */; };
		8A7107AF23AB586500A44BB6 /* WeatherHomeViewController.swift in Sources */ = {isa = PBXBuildFile; fileRef = 8A7107AE23AB586500A44BB6 /* WeatherHomeViewController.swift */; };
		8A7107B123AB588400A44BB6 /* WeatherDetailViewController.swift in Sources */ = {isa = PBXBuildFile; fileRef = 8A7107B023AB588400A44BB6 /* WeatherDetailViewController.swift */; };
		8A7107B423AB641D00A44BB6 /* WeatherCustomCell.swift in Sources */ = {isa = PBXBuildFile; fileRef = 8A7107B323AB641D00A44BB6 /* WeatherCustomCell.swift */; };
		8AB1D86C23B50C6F00691195 /* WeatherHomeViewControllerTests.swift in Sources */ = {isa = PBXBuildFile; fileRef = 8AB1D86B23B50C6F00691195 /* WeatherHomeViewControllerTests.swift */; };
/* End PBXBuildFile section */

/* Begin PBXContainerItemProxy section */
		8A71078B23AB51E900A44BB6 /* PBXContainerItemProxy */ = {
			isa = PBXContainerItemProxy;
			containerPortal = 8A71076C23AB51E200A44BB6 /* Project object */;
			proxyType = 1;
			remoteGlobalIDString = 8A71077323AB51E200A44BB6;
			remoteInfo = "Weather App";
		};
		8A71079623AB51E900A44BB6 /* PBXContainerItemProxy */ = {
			isa = PBXContainerItemProxy;
			containerPortal = 8A71076C23AB51E200A44BB6 /* Project object */;
			proxyType = 1;
			remoteGlobalIDString = 8A71077323AB51E200A44BB6;
			remoteInfo = "Weather App";
		};
/* End PBXContainerItemProxy section */

/* Begin PBXFileReference section */
		8A6F424D23B1B3920028E9BC /* AppConstants.swift */ = {isa = PBXFileReference; lastKnownFileType = sourcecode.swift; path = AppConstants.swift; sourceTree = "<group>"; };
		8A6F424F23B1B4380028E9BC /* LocationInfo.swift */ = {isa = PBXFileReference; lastKnownFileType = sourcecode.swift; path = LocationInfo.swift; sourceTree = "<group>"; };
		8A6F425123B1B4A40028E9BC /* LocationSearchService.swift */ = {isa = PBXFileReference; lastKnownFileType = sourcecode.swift; path = LocationSearchService.swift; sourceTree = "<group>"; };
		8A6F425323B1E04D0028E9BC /* LocationDetailService.swift */ = {isa = PBXFileReference; lastKnownFileType = sourcecode.swift; path = LocationDetailService.swift; sourceTree = "<group>"; };
		8A6F425523B1E6190028E9BC /* LocationCurrentWeatherInfo.swift */ = {isa = PBXFileReference; lastKnownFileType = sourcecode.swift; path = LocationCurrentWeatherInfo.swift; sourceTree = "<group>"; };
		8A6F425823B206890028E9BC /* UIImageView+DownloadImage.swift */ = {isa = PBXFileReference; lastKnownFileType = sourcecode.swift; path = "UIImageView+DownloadImage.swift"; sourceTree = "<group>"; };
		8A6F425B23B2168C0028E9BC /* CustomDB.swift */ = {isa = PBXFileReference; lastKnownFileType = sourcecode.swift; path = CustomDB.swift; sourceTree = "<group>"; };
		8A6F425E23B2707F0028E9BC /* LocationInfoTests.swift */ = {isa = PBXFileReference; lastKnownFileType = sourcecode.swift; path = LocationInfoTests.swift; sourceTree = "<group>"; };
		8A6F426123B27ADD0028E9BC /* WeatherHomeViewControllerTests.swift */ = {isa = PBXFileReference; lastKnownFileType = sourcecode.swift; path = WeatherHomeViewControllerTests.swift; sourceTree = "<group>"; };
		8A6F426323B452350028E9BC /* LocationCurrentWeatherInfoTests.swift */ = {isa = PBXFileReference; lastKnownFileType = sourcecode.swift; path = LocationCurrentWeatherInfoTests.swift; sourceTree = "<group>"; };
		8A6F426623B453640028E9BC /* WeatherDetailViewControllerTests.swift */ = {isa = PBXFileReference; lastKnownFileType = sourcecode.swift; path = WeatherDetailViewControllerTests.swift; sourceTree = "<group>"; };
		8A71077423AB51E200A44BB6 /* Weather App.app */ = {isa = PBXFileReference; explicitFileType = wrapper.application; includeInIndex = 0; path = "Weather App.app"; sourceTree = BUILT_PRODUCTS_DIR; };
		8A71077723AB51E200A44BB6 /* AppDelegate.swift */ = {isa = PBXFileReference; lastKnownFileType = sourcecode.swift; path = AppDelegate.swift; sourceTree = "<group>"; };
		8A71077923AB51E200A44BB6 /* SceneDelegate.swift */ = {isa = PBXFileReference; lastKnownFileType = sourcecode.swift; path = SceneDelegate.swift; sourceTree = "<group>"; };
		8A71077E23AB51E200A44BB6 /* Base */ = {isa = PBXFileReference; lastKnownFileType = file.storyboard; name = Base; path = Base.lproj/Main.storyboard; sourceTree = "<group>"; };
		8A71078023AB51E900A44BB6 /* Assets.xcassets */ = {isa = PBXFileReference; lastKnownFileType = folder.assetcatalog; path = Assets.xcassets; sourceTree = "<group>"; };
		8A71078323AB51E900A44BB6 /* Base */ = {isa = PBXFileReference; lastKnownFileType = file.storyboard; name = Base; path = Base.lproj/LaunchScreen.storyboard; sourceTree = "<group>"; };
		8A71078523AB51E900A44BB6 /* Info.plist */ = {isa = PBXFileReference; lastKnownFileType = text.plist.xml; path = Info.plist; sourceTree = "<group>"; };
		8A71078A23AB51E900A44BB6 /* Weather AppTests.xctest */ = {isa = PBXFileReference; explicitFileType = wrapper.cfbundle; includeInIndex = 0; path = "Weather AppTests.xctest"; sourceTree = BUILT_PRODUCTS_DIR; };
		8A71078E23AB51E900A44BB6 /* Weather_AppTests.swift */ = {isa = PBXFileReference; lastKnownFileType = sourcecode.swift; path = Weather_AppTests.swift; sourceTree = "<group>"; };
		8A71079023AB51E900A44BB6 /* Info.plist */ = {isa = PBXFileReference; lastKnownFileType = text.plist.xml; path = Info.plist; sourceTree = "<group>"; };
		8A71079523AB51E900A44BB6 /* Weather AppUITests.xctest */ = {isa = PBXFileReference; explicitFileType = wrapper.cfbundle; includeInIndex = 0; path = "Weather AppUITests.xctest"; sourceTree = BUILT_PRODUCTS_DIR; };
		8A71079923AB51E900A44BB6 /* Weather_AppUITests.swift */ = {isa = PBXFileReference; lastKnownFileType = sourcecode.swift; path = Weather_AppUITests.swift; sourceTree = "<group>"; };
		8A71079B23AB51E900A44BB6 /* Info.plist */ = {isa = PBXFileReference; lastKnownFileType = text.plist.xml; path = Info.plist; sourceTree = "<group>"; };
		8A7107AE23AB586500A44BB6 /* WeatherHomeViewController.swift */ = {isa = PBXFileReference; lastKnownFileType = sourcecode.swift; path = WeatherHomeViewController.swift; sourceTree = "<group>"; };
		8A7107B023AB588400A44BB6 /* WeatherDetailViewController.swift */ = {isa = PBXFileReference; lastKnownFileType = sourcecode.swift; path = WeatherDetailViewController.swift; sourceTree = "<group>"; };
		8A7107B323AB641D00A44BB6 /* WeatherCustomCell.swift */ = {isa = PBXFileReference; lastKnownFileType = sourcecode.swift; path = WeatherCustomCell.swift; sourceTree = "<group>"; };
		8AB1D86B23B50C6F00691195 /* WeatherHomeViewControllerTests.swift */ = {isa = PBXFileReference; fileEncoding = 4; lastKnownFileType = sourcecode.swift; path = WeatherHomeViewControllerTests.swift; sourceTree = "<group>"; };
/* End PBXFileReference section */

/* Begin PBXFrameworksBuildPhase section */
		8A71077123AB51E200A44BB6 /* Frameworks */ = {
			isa = PBXFrameworksBuildPhase;
			buildActionMask = 2147483647;
			files = (
			);
			runOnlyForDeploymentPostprocessing = 0;
		};
		8A71078723AB51E900A44BB6 /* Frameworks */ = {
			isa = PBXFrameworksBuildPhase;
			buildActionMask = 2147483647;
			files = (
			);
			runOnlyForDeploymentPostprocessing = 0;
		};
		8A71079223AB51E900A44BB6 /* Frameworks */ = {
			isa = PBXFrameworksBuildPhase;
			buildActionMask = 2147483647;
			files = (
			);
			runOnlyForDeploymentPostprocessing = 0;
		};
/* End PBXFrameworksBuildPhase section */

/* Begin PBXGroup section */
		8A6F424A23B1B3750028E9BC /* Utility */ = {
			isa = PBXGroup;
			children = (
				8A6F424D23B1B3920028E9BC /* AppConstants.swift */,
			);
			path = Utility;
			sourceTree = "<group>";
		};
		8A6F424B23B1B3750028E9BC /* Models */ = {
			isa = PBXGroup;
			children = (
				8A6F424F23B1B4380028E9BC /* LocationInfo.swift */,
				8A6F425523B1E6190028E9BC /* LocationCurrentWeatherInfo.swift */,
			);
			path = Models;
			sourceTree = "<group>";
		};
		8A6F424C23B1B3750028E9BC /* Services */ = {
			isa = PBXGroup;
			children = (
				8A6F425123B1B4A40028E9BC /* LocationSearchService.swift */,
				8A6F425323B1E04D0028E9BC /* LocationDetailService.swift */,
			);
			path = Services;
			sourceTree = "<group>";
		};
		8A6F425723B206530028E9BC /* Extensions */ = {
			isa = PBXGroup;
			children = (
				8A6F425823B206890028E9BC /* UIImageView+DownloadImage.swift */,
			);
			path = Extensions;
			sourceTree = "<group>";
		};
		8A6F425A23B2163D0028E9BC /* Database */ = {
			isa = PBXGroup;
			children = (
				8A6F425B23B2168C0028E9BC /* CustomDB.swift */,
			);
			path = Database;
			sourceTree = "<group>";
		};
		8A6F425D23B2704D0028E9BC /* Models */ = {
			isa = PBXGroup;
			children = (
				8A6F425E23B2707F0028E9BC /* LocationInfoTests.swift */,
				8A6F426323B452350028E9BC /* LocationCurrentWeatherInfoTests.swift */,
			);
			path = Models;
			sourceTree = "<group>";
		};
		8A6F426023B27AB80028E9BC /* Home */ = {
			isa = PBXGroup;
			children = (
				8A6F426123B27ADD0028E9BC /* WeatherHomeViewControllerTests.swift */,
			);
			path = Home;
			sourceTree = "<group>";
		};
		8A6F426523B453560028E9BC /* Detail */ = {
			isa = PBXGroup;
			children = (
				8A6F426623B453640028E9BC /* WeatherDetailViewControllerTests.swift */,
			);
			path = Detail;
			sourceTree = "<group>";
		};
		8A71076B23AB51E200A44BB6 = {
			isa = PBXGroup;
			children = (
				8A71077623AB51E200A44BB6 /* Weather App */,
				8A71078D23AB51E900A44BB6 /* Weather AppTests */,
				8A71079823AB51E900A44BB6 /* Weather AppUITests */,
				8A71077523AB51E200A44BB6 /* Products */,
			);
			sourceTree = "<group>";
		};
		8A71077523AB51E200A44BB6 /* Products */ = {
			isa = PBXGroup;
			children = (
				8A71077423AB51E200A44BB6 /* Weather App.app */,
				8A71078A23AB51E900A44BB6 /* Weather AppTests.xctest */,
				8A71079523AB51E900A44BB6 /* Weather AppUITests.xctest */,
			);
			name = Products;
			sourceTree = "<group>";
		};
		8A71077623AB51E200A44BB6 /* Weather App */ = {
			isa = PBXGroup;
			children = (
				8A6F425A23B2163D0028E9BC /* Database */,
				8A6F425723B206530028E9BC /* Extensions */,
				8A6F424B23B1B3750028E9BC /* Models */,
				8A6F424C23B1B3750028E9BC /* Services */,
				8A6F424A23B1B3750028E9BC /* Utility */,
				8A7107A923AB581100A44BB6 /* Modules */,
				8A71077723AB51E200A44BB6 /* AppDelegate.swift */,
				8A71077923AB51E200A44BB6 /* SceneDelegate.swift */,
				8A71077D23AB51E200A44BB6 /* Main.storyboard */,
				8A71078023AB51E900A44BB6 /* Assets.xcassets */,
				8A71078223AB51E900A44BB6 /* LaunchScreen.storyboard */,
				8A71078523AB51E900A44BB6 /* Info.plist */,
			);
			path = "Weather App";
			sourceTree = "<group>";
		};
		8A71078D23AB51E900A44BB6 /* Weather AppTests */ = {
			isa = PBXGroup;
			children = (
				8A6F426523B453560028E9BC /* Detail */,
				8A6F426023B27AB80028E9BC /* Home */,
				8A6F425D23B2704D0028E9BC /* Models */,
				8A71078E23AB51E900A44BB6 /* Weather_AppTests.swift */,
				8A71079023AB51E900A44BB6 /* Info.plist */,
			);
			path = "Weather AppTests";
			sourceTree = "<group>";
		};
		8A71079823AB51E900A44BB6 /* Weather AppUITests */ = {
			isa = PBXGroup;
			children = (
				8AB1D86A23B50C6F00691195 /* Home */,
				8A71079923AB51E900A44BB6 /* Weather_AppUITests.swift */,
				8A71079B23AB51E900A44BB6 /* Info.plist */,
			);
			path = "Weather AppUITests";
			sourceTree = "<group>";
		};
		8A7107A923AB581100A44BB6 /* Modules */ = {
			isa = PBXGroup;
			children = (
				8A7107AA23AB581100A44BB6 /* Home */,
				8A7107AB23AB581100A44BB6 /* Details */,
			);
			path = Modules;
			sourceTree = "<group>";
		};
		8A7107AA23AB581100A44BB6 /* Home */ = {
			isa = PBXGroup;
			children = (
				8A7107B223AB63AD00A44BB6 /* Cell */,
				8A7107AE23AB586500A44BB6 /* WeatherHomeViewController.swift */,
			);
			path = Home;
			sourceTree = "<group>";
		};
		8A7107AB23AB581100A44BB6 /* Details */ = {
			isa = PBXGroup;
			children = (
				8A7107B023AB588400A44BB6 /* WeatherDetailViewController.swift */,
			);
			path = Details;
			sourceTree = "<group>";
		};
		8A7107B223AB63AD00A44BB6 /* Cell */ = {
			isa = PBXGroup;
			children = (
				8A7107B323AB641D00A44BB6 /* WeatherCustomCell.swift */,
			);
			path = Cell;
			sourceTree = "<group>";
		};
		8AB1D86A23B50C6F00691195 /* Home */ = {
			isa = PBXGroup;
			children = (
				8AB1D86B23B50C6F00691195 /* WeatherHomeViewControllerTests.swift */,
			);
			path = Home;
			sourceTree = "<group>";
		};
/* End PBXGroup section */

/* Begin PBXNativeTarget section */
		8A71077323AB51E200A44BB6 /* Weather App */ = {
			isa = PBXNativeTarget;
			buildConfigurationList = 8A71079E23AB51E900A44BB6 /* Build configuration list for PBXNativeTarget "Weather App" */;
			buildPhases = (
				8A71077023AB51E200A44BB6 /* Sources */,
				8A71077123AB51E200A44BB6 /* Frameworks */,
				8A71077223AB51E200A44BB6 /* Resources */,
			);
			buildRules = (
			);
			dependencies = (
			);
			name = "Weather App";
			productName = "Weather App";
			productReference = 8A71077423AB51E200A44BB6 /* Weather App.app */;
			productType = "com.apple.product-type.application";
		};
		8A71078923AB51E900A44BB6 /* Weather AppTests */ = {
			isa = PBXNativeTarget;
			buildConfigurationList = 8A7107A123AB51E900A44BB6 /* Build configuration list for PBXNativeTarget "Weather AppTests" */;
			buildPhases = (
				8A71078623AB51E900A44BB6 /* Sources */,
				8A71078723AB51E900A44BB6 /* Frameworks */,
				8A71078823AB51E900A44BB6 /* Resources */,
			);
			buildRules = (
			);
			dependencies = (
				8A71078C23AB51E900A44BB6 /* PBXTargetDependency */,
			);
			name = "Weather AppTests";
			productName = "Weather AppTests";
			productReference = 8A71078A23AB51E900A44BB6 /* Weather AppTests.xctest */;
			productType = "com.apple.product-type.bundle.unit-test";
		};
		8A71079423AB51E900A44BB6 /* Weather AppUITests */ = {
			isa = PBXNativeTarget;
			buildConfigurationList = 8A7107A423AB51E900A44BB6 /* Build configuration list for PBXNativeTarget "Weather AppUITests" */;
			buildPhases = (
				8A71079123AB51E900A44BB6 /* Sources */,
				8A71079223AB51E900A44BB6 /* Frameworks */,
				8A71079323AB51E900A44BB6 /* Resources */,
			);
			buildRules = (
			);
			dependencies = (
				8A71079723AB51E900A44BB6 /* PBXTargetDependency */,
			);
			name = "Weather AppUITests";
			productName = "Weather AppUITests";
			productReference = 8A71079523AB51E900A44BB6 /* Weather AppUITests.xctest */;
			productType = "com.apple.product-type.bundle.ui-testing";
		};
/* End PBXNativeTarget section */

/* Begin PBXProject section */
		8A71076C23AB51E200A44BB6 /* Project object */ = {
			isa = PBXProject;
			attributes = {
				LastSwiftUpdateCheck = 1130;
				LastUpgradeCheck = 1130;
				ORGANIZATIONNAME = "Yalamandarao Inaganti";
				TargetAttributes = {
					8A71077323AB51E200A44BB6 = {
						CreatedOnToolsVersion = 11.3;
					};
					8A71078923AB51E900A44BB6 = {
						CreatedOnToolsVersion = 11.3;
						TestTargetID = 8A71077323AB51E200A44BB6;
					};
					8A71079423AB51E900A44BB6 = {
						CreatedOnToolsVersion = 11.3;
						TestTargetID = 8A71077323AB51E200A44BB6;
					};
				};
			};
			buildConfigurationList = 8A71076F23AB51E200A44BB6 /* Build configuration list for PBXProject "Weather App" */;
			compatibilityVersion = "Xcode 9.3";
			developmentRegion = en;
			hasScannedForEncodings = 0;
			knownRegions = (
				en,
				Base,
			);
			mainGroup = 8A71076B23AB51E200A44BB6;
			productRefGroup = 8A71077523AB51E200A44BB6 /* Products */;
			projectDirPath = "";
			projectRoot = "";
			targets = (
				8A71077323AB51E200A44BB6 /* Weather App */,
				8A71078923AB51E900A44BB6 /* Weather AppTests */,
				8A71079423AB51E900A44BB6 /* Weather AppUITests */,
			);
		};
/* End PBXProject section */

/* Begin PBXResourcesBuildPhase section */
		8A71077223AB51E200A44BB6 /* Resources */ = {
			isa = PBXResourcesBuildPhase;
			buildActionMask = 2147483647;
			files = (
				8A71078423AB51E900A44BB6 /* LaunchScreen.storyboard in Resources */,
				8A71078123AB51E900A44BB6 /* Assets.xcassets in Resources */,
				8A71077F23AB51E200A44BB6 /* Main.storyboard in Resources */,
			);
			runOnlyForDeploymentPostprocessing = 0;
		};
		8A71078823AB51E900A44BB6 /* Resources */ = {
			isa = PBXResourcesBuildPhase;
			buildActionMask = 2147483647;
			files = (
			);
			runOnlyForDeploymentPostprocessing = 0;
		};
		8A71079323AB51E900A44BB6 /* Resources */ = {
			isa = PBXResourcesBuildPhase;
			buildActionMask = 2147483647;
			files = (
			);
			runOnlyForDeploymentPostprocessing = 0;
		};
/* End PBXResourcesBuildPhase section */

/* Begin PBXSourcesBuildPhase section */
		8A71077023AB51E200A44BB6 /* Sources */ = {
			isa = PBXSourcesBuildPhase;
			buildActionMask = 2147483647;
			files = (
				8A6F425623B1E6190028E9BC /* LocationCurrentWeatherInfo.swift in Sources */,
				8A71077823AB51E200A44BB6 /* AppDelegate.swift in Sources */,
				8A6F425423B1E04D0028E9BC /* LocationDetailService.swift in Sources */,
				8A6F424E23B1B3920028E9BC /* AppConstants.swift in Sources */,
				8A7107AF23AB586500A44BB6 /* WeatherHomeViewController.swift in Sources */,
				8A7107B123AB588400A44BB6 /* WeatherDetailViewController.swift in Sources */,
				8A71077A23AB51E200A44BB6 /* SceneDelegate.swift in Sources */,
				8A7107B423AB641D00A44BB6 /* WeatherCustomCell.swift in Sources */,
				8A6F425223B1B4A40028E9BC /* LocationSearchService.swift in Sources */,
				8A6F425023B1B4380028E9BC /* LocationInfo.swift in Sources */,
				8A6F425923B206890028E9BC /* UIImageView+DownloadImage.swift in Sources */,
				8A6F425C23B2168C0028E9BC /* CustomDB.swift in Sources */,
			);
			runOnlyForDeploymentPostprocessing = 0;
		};
		8A71078623AB51E900A44BB6 /* Sources */ = {
			isa = PBXSourcesBuildPhase;
			buildActionMask = 2147483647;
			files = (
				8A6F425F23B2707F0028E9BC /* LocationInfoTests.swift in Sources */,
				8A6F426223B27ADD0028E9BC /* WeatherHomeViewControllerTests.swift in Sources */,
				8A71078F23AB51E900A44BB6 /* Weather_AppTests.swift in Sources */,
				8A6F426723B453640028E9BC /* WeatherDetailViewControllerTests.swift in Sources */,
				8A6F426423B452350028E9BC /* LocationCurrentWeatherInfoTests.swift in Sources */,
			);
			runOnlyForDeploymentPostprocessing = 0;
		};
		8A71079123AB51E900A44BB6 /* Sources */ = {
			isa = PBXSourcesBuildPhase;
			buildActionMask = 2147483647;
			files = (
				8AB1D86C23B50C6F00691195 /* WeatherHomeViewControllerTests.swift in Sources */,
				8A71079A23AB51E900A44BB6 /* Weather_AppUITests.swift in Sources */,
			);
			runOnlyForDeploymentPostprocessing = 0;
		};
/* End PBXSourcesBuildPhase section */

/* Begin PBXTargetDependency section */
		8A71078C23AB51E900A44BB6 /* PBXTargetDependency */ = {
			isa = PBXTargetDependency;
			target = 8A71077323AB51E200A44BB6 /* Weather App */;
			targetProxy = 8A71078B23AB51E900A44BB6 /* PBXContainerItemProxy */;
		};
		8A71079723AB51E900A44BB6 /* PBXTargetDependency */ = {
			isa = PBXTargetDependency;
			target = 8A71077323AB51E200A44BB6 /* Weather App */;
			targetProxy = 8A71079623AB51E900A44BB6 /* PBXContainerItemProxy */;
		};
/* End PBXTargetDependency section */

/* Begin PBXVariantGroup section */
		8A71077D23AB51E200A44BB6 /* Main.storyboard */ = {
			isa = PBXVariantGroup;
			children = (
				8A71077E23AB51E200A44BB6 /* Base */,
			);
			name = Main.storyboard;
			sourceTree = "<group>";
		};
		8A71078223AB51E900A44BB6 /* LaunchScreen.storyboard */ = {
			isa = PBXVariantGroup;
			children = (
				8A71078323AB51E900A44BB6 /* Base */,
			);
			name = LaunchScreen.storyboard;
			sourceTree = "<group>";
		};
/* End PBXVariantGroup section */

/* Begin XCBuildConfiguration section */
		8A71079C23AB51E900A44BB6 /* Debug */ = {
			isa = XCBuildConfiguration;
			buildSettings = {
				ALWAYS_SEARCH_USER_PATHS = NO;
				CLANG_ANALYZER_NONNULL = YES;
				CLANG_ANALYZER_NUMBER_OBJECT_CONVERSION = YES_AGGRESSIVE;
				CLANG_CXX_LANGUAGE_STANDARD = "gnu++14";
				CLANG_CXX_LIBRARY = "libc++";
				CLANG_ENABLE_MODULES = YES;
				CLANG_ENABLE_OBJC_ARC = YES;
				CLANG_ENABLE_OBJC_WEAK = YES;
				CLANG_WARN_BLOCK_CAPTURE_AUTORELEASING = YES;
				CLANG_WARN_BOOL_CONVERSION = YES;
				CLANG_WARN_COMMA = YES;
				CLANG_WARN_CONSTANT_CONVERSION = YES;
				CLANG_WARN_DEPRECATED_OBJC_IMPLEMENTATIONS = YES;
				CLANG_WARN_DIRECT_OBJC_ISA_USAGE = YES_ERROR;
				CLANG_WARN_DOCUMENTATION_COMMENTS = YES;
				CLANG_WARN_EMPTY_BODY = YES;
				CLANG_WARN_ENUM_CONVERSION = YES;
				CLANG_WARN_INFINITE_RECURSION = YES;
				CLANG_WARN_INT_CONVERSION = YES;
				CLANG_WARN_NON_LITERAL_NULL_CONVERSION = YES;
				CLANG_WARN_OBJC_IMPLICIT_RETAIN_SELF = YES;
				CLANG_WARN_OBJC_LITERAL_CONVERSION = YES;
				CLANG_WARN_OBJC_ROOT_CLASS = YES_ERROR;
				CLANG_WARN_RANGE_LOOP_ANALYSIS = YES;
				CLANG_WARN_STRICT_PROTOTYPES = YES;
				CLANG_WARN_SUSPICIOUS_MOVE = YES;
				CLANG_WARN_UNGUARDED_AVAILABILITY = YES_AGGRESSIVE;
				CLANG_WARN_UNREACHABLE_CODE = YES;
				CLANG_WARN__DUPLICATE_METHOD_MATCH = YES;
				COPY_PHASE_STRIP = NO;
				DEBUG_INFORMATION_FORMAT = dwarf;
				ENABLE_STRICT_OBJC_MSGSEND = YES;
				ENABLE_TESTABILITY = YES;
				GCC_C_LANGUAGE_STANDARD = gnu11;
				GCC_DYNAMIC_NO_PIC = NO;
				GCC_NO_COMMON_BLOCKS = YES;
				GCC_OPTIMIZATION_LEVEL = 0;
				GCC_PREPROCESSOR_DEFINITIONS = (
					"DEBUG=1",
					"$(inherited)",
				);
				GCC_WARN_64_TO_32_BIT_CONVERSION = YES;
				GCC_WARN_ABOUT_RETURN_TYPE = YES_ERROR;
				GCC_WARN_UNDECLARED_SELECTOR = YES;
				GCC_WARN_UNINITIALIZED_AUTOS = YES_AGGRESSIVE;
				GCC_WARN_UNUSED_FUNCTION = YES;
				GCC_WARN_UNUSED_VARIABLE = YES;
				IPHONEOS_DEPLOYMENT_TARGET = 13.0;
				MTL_ENABLE_DEBUG_INFO = INCLUDE_SOURCE;
				MTL_FAST_MATH = YES;
				ONLY_ACTIVE_ARCH = YES;
				SDKROOT = iphoneos;
				SWIFT_ACTIVE_COMPILATION_CONDITIONS = DEBUG;
				SWIFT_OPTIMIZATION_LEVEL = "-Onone";
				SWIFT_VERSION = 4.2;
			};
			name = Debug;
		};
		8A71079D23AB51E900A44BB6 /* Release */ = {
			isa = XCBuildConfiguration;
			buildSettings = {
				ALWAYS_SEARCH_USER_PATHS = NO;
				CLANG_ANALYZER_NONNULL = YES;
				CLANG_ANALYZER_NUMBER_OBJECT_CONVERSION = YES_AGGRESSIVE;
				CLANG_CXX_LANGUAGE_STANDARD = "gnu++14";
				CLANG_CXX_LIBRARY = "libc++";
				CLANG_ENABLE_MODULES = YES;
				CLANG_ENABLE_OBJC_ARC = YES;
				CLANG_ENABLE_OBJC_WEAK = YES;
				CLANG_WARN_BLOCK_CAPTURE_AUTORELEASING = YES;
				CLANG_WARN_BOOL_CONVERSION = YES;
				CLANG_WARN_COMMA = YES;
				CLANG_WARN_CONSTANT_CONVERSION = YES;
				CLANG_WARN_DEPRECATED_OBJC_IMPLEMENTATIONS = YES;
				CLANG_WARN_DIRECT_OBJC_ISA_USAGE = YES_ERROR;
				CLANG_WARN_DOCUMENTATION_COMMENTS = YES;
				CLANG_WARN_EMPTY_BODY = YES;
				CLANG_WARN_ENUM_CONVERSION = YES;
				CLANG_WARN_INFINITE_RECURSION = YES;
				CLANG_WARN_INT_CONVERSION = YES;
				CLANG_WARN_NON_LITERAL_NULL_CONVERSION = YES;
				CLANG_WARN_OBJC_IMPLICIT_RETAIN_SELF = YES;
				CLANG_WARN_OBJC_LITERAL_CONVERSION = YES;
				CLANG_WARN_OBJC_ROOT_CLASS = YES_ERROR;
				CLANG_WARN_RANGE_LOOP_ANALYSIS = YES;
				CLANG_WARN_STRICT_PROTOTYPES = YES;
				CLANG_WARN_SUSPICIOUS_MOVE = YES;
				CLANG_WARN_UNGUARDED_AVAILABILITY = YES_AGGRESSIVE;
				CLANG_WARN_UNREACHABLE_CODE = YES;
				CLANG_WARN__DUPLICATE_METHOD_MATCH = YES;
				COPY_PHASE_STRIP = NO;
				DEBUG_INFORMATION_FORMAT = "dwarf-with-dsym";
				ENABLE_NS_ASSERTIONS = NO;
				ENABLE_STRICT_OBJC_MSGSEND = YES;
				GCC_C_LANGUAGE_STANDARD = gnu11;
				GCC_NO_COMMON_BLOCKS = YES;
				GCC_WARN_64_TO_32_BIT_CONVERSION = YES;
				GCC_WARN_ABOUT_RETURN_TYPE = YES_ERROR;
				GCC_WARN_UNDECLARED_SELECTOR = YES;
				GCC_WARN_UNINITIALIZED_AUTOS = YES_AGGRESSIVE;
				GCC_WARN_UNUSED_FUNCTION = YES;
				GCC_WARN_UNUSED_VARIABLE = YES;
				IPHONEOS_DEPLOYMENT_TARGET = 13.0;
				MTL_ENABLE_DEBUG_INFO = NO;
				MTL_FAST_MATH = YES;
				SDKROOT = iphoneos;
				SWIFT_COMPILATION_MODE = wholemodule;
				SWIFT_OPTIMIZATION_LEVEL = "-O";
				SWIFT_VERSION = 4.2;
				VALIDATE_PRODUCT = YES;
			};
			name = Release;
		};
		8A71079F23AB51E900A44BB6 /* Debug */ = {
			isa = XCBuildConfiguration;
			buildSettings = {
				ASSETCATALOG_COMPILER_APPICON_NAME = AppIcon;
				CODE_SIGN_STYLE = Automatic;
				DEVELOPMENT_TEAM = YF8BZTXEQ7;
				INFOPLIST_FILE = "Weather App/Info.plist";
				LD_RUNPATH_SEARCH_PATHS = (
					"$(inherited)",
					"@executable_path/Frameworks",
				);
				PRODUCT_BUNDLE_IDENTIFIER = "com.totalebizsolutions.Weather-App";
				PRODUCT_NAME = "$(TARGET_NAME)";
				SWIFT_VERSION = 4.2;
				TARGETED_DEVICE_FAMILY = "1,2";
			};
			name = Debug;
		};
		8A7107A023AB51E900A44BB6 /* Release */ = {
			isa = XCBuildConfiguration;
			buildSettings = {
				ASSETCATALOG_COMPILER_APPICON_NAME = AppIcon;
				CODE_SIGN_STYLE = Automatic;
				DEVELOPMENT_TEAM = YF8BZTXEQ7;
				INFOPLIST_FILE = "Weather App/Info.plist";
				LD_RUNPATH_SEARCH_PATHS = (
					"$(inherited)",
					"@executable_path/Frameworks",
				);
				PRODUCT_BUNDLE_IDENTIFIER = "com.totalebizsolutions.Weather-App";
				PRODUCT_NAME = "$(TARGET_NAME)";
				SWIFT_VERSION = 4.2;
				TARGETED_DEVICE_FAMILY = "1,2";
			};
			name = Release;
		};
		8A7107A223AB51E900A44BB6 /* Debug */ = {
			isa = XCBuildConfiguration;
			buildSettings = {
				ALWAYS_EMBED_SWIFT_STANDARD_LIBRARIES = YES;
				BUNDLE_LOADER = "$(TEST_HOST)";
				CODE_SIGN_STYLE = Automatic;
				INFOPLIST_FILE = "Weather AppTests/Info.plist";
				IPHONEOS_DEPLOYMENT_TARGET = 13.2;
				LD_RUNPATH_SEARCH_PATHS = (
					"$(inherited)",
					"@executable_path/Frameworks",
					"@loader_path/Frameworks",
				);
				PRODUCT_BUNDLE_IDENTIFIER = "com.totalebizsolutions.Weather-AppTests";
				PRODUCT_NAME = "$(TARGET_NAME)";
				SWIFT_VERSION = 5.0;
				TARGETED_DEVICE_FAMILY = "1,2";
				TEST_HOST = "$(BUILT_PRODUCTS_DIR)/Weather App.app/Weather App";
			};
			name = Debug;
		};
		8A7107A323AB51E900A44BB6 /* Release */ = {
			isa = XCBuildConfiguration;
			buildSettings = {
				ALWAYS_EMBED_SWIFT_STANDARD_LIBRARIES = YES;
				BUNDLE_LOADER = "$(TEST_HOST)";
				CODE_SIGN_STYLE = Automatic;
				INFOPLIST_FILE = "Weather AppTests/Info.plist";
				IPHONEOS_DEPLOYMENT_TARGET = 13.2;
				LD_RUNPATH_SEARCH_PATHS = (
					"$(inherited)",
					"@executable_path/Frameworks",
					"@loader_path/Frameworks",
				);
				PRODUCT_BUNDLE_IDENTIFIER = "com.totalebizsolutions.Weather-AppTests";
				PRODUCT_NAME = "$(TARGET_NAME)";
				SWIFT_VERSION = 5.0;
				TARGETED_DEVICE_FAMILY = "1,2";
				TEST_HOST = "$(BUILT_PRODUCTS_DIR)/Weather App.app/Weather App";
			};
			name = Release;
		};
		8A7107A523AB51E900A44BB6 /* Debug */ = {
			isa = XCBuildConfiguration;
			buildSettings = {
				ALWAYS_EMBED_SWIFT_STANDARD_LIBRARIES = YES;
				CODE_SIGN_STYLE = Automatic;
				INFOPLIST_FILE = "Weather AppUITests/Info.plist";
				LD_RUNPATH_SEARCH_PATHS = (
					"$(inherited)",
					"@executable_path/Frameworks",
					"@loader_path/Frameworks",
				);
				PRODUCT_BUNDLE_IDENTIFIER = "com.totalebizsolutions.Weather-AppUITests";
				PRODUCT_NAME = "$(TARGET_NAME)";
				SWIFT_VERSION = 5.0;
				TARGETED_DEVICE_FAMILY = "1,2";
				TEST_TARGET_NAME = "Weather App";
			};
			name = Debug;
		};
		8A7107A623AB51E900A44BB6 /* Release */ = {
			isa = XCBuildConfiguration;
			buildSettings = {
				ALWAYS_EMBED_SWIFT_STANDARD_LIBRARIES = YES;
				CODE_SIGN_STYLE = Automatic;
				INFOPLIST_FILE = "Weather AppUITests/Info.plist";
				LD_RUNPATH_SEARCH_PATHS = (
					"$(inherited)",
					"@executable_path/Frameworks",
					"@loader_path/Frameworks",
				);
				PRODUCT_BUNDLE_IDENTIFIER = "com.totalebizsolutions.Weather-AppUITests";
				PRODUCT_NAME = "$(TARGET_NAME)";
				SWIFT_VERSION = 5.0;
				TARGETED_DEVICE_FAMILY = "1,2";
				TEST_TARGET_NAME = "Weather App";
			};
			name = Release;
		};
/* End XCBuildConfiguration section */

/* Begin XCConfigurationList section */
		8A71076F23AB51E200A44BB6 /* Build configuration list for PBXProject "Weather App" */ = {
			isa = XCConfigurationList;
			buildConfigurations = (
				8A71079C23AB51E900A44BB6 /* Debug */,
				8A71079D23AB51E900A44BB6 /* Release */,
			);
			defaultConfigurationIsVisible = 0;
			defaultConfigurationName = Release;
		};
		8A71079E23AB51E900A44BB6 /* Build configuration list for PBXNativeTarget "Weather App" */ = {
			isa = XCConfigurationList;
			buildConfigurations = (
				8A71079F23AB51E900A44BB6 /* Debug */,
				8A7107A023AB51E900A44BB6 /* Release */,
			);
			defaultConfigurationIsVisible = 0;
			defaultConfigurationName = Release;
		};
		8A7107A123AB51E900A44BB6 /* Build configuration list for PBXNativeTarget "Weather AppTests" */ = {
			isa = XCConfigurationList;
			buildConfigurations = (
				8A7107A223AB51E900A44BB6 /* Debug */,
				8A7107A323AB51E900A44BB6 /* Release */,
			);
			defaultConfigurationIsVisible = 0;
			defaultConfigurationName = Release;
		};
		8A7107A423AB51E900A44BB6 /* Build configuration list for PBXNativeTarget "Weather AppUITests" */ = {
			isa = XCConfigurationList;
			buildConfigurations = (
				8A7107A523AB51E900A44BB6 /* Debug */,
				8A7107A623AB51E900A44BB6 /* Release */,
			);
			defaultConfigurationIsVisible = 0;
			defaultConfigurationName = Release;
		};
/* End XCConfigurationList section */
	};
	rootObject = 8A71076C23AB51E200A44BB6 /* Project object */;
}
